// !$*UTF8*$!
{
	archiveVersion = 1;
	classes = {
	};
	objectVersion = 46;
	objects = {

/* Begin PBXBuildFile section */
		87D9CF511BC15F6C00D8775A /* main.m in Sources */ = {isa = PBXBuildFile; fileRef = 87D9CF501BC15F6C00D8775A /* main.m */; };
		87D9CF541BC15F6C00D8775A /* AppDelegate.m in Sources */ = {isa = PBXBuildFile; fileRef = 87D9CF531BC15F6C00D8775A /* AppDelegate.m */; };
		87D9CF571BC15F6C00D8775A /* ViewController.m in Sources */ = {isa = PBXBuildFile; fileRef = 87D9CF561BC15F6C00D8775A /* ViewController.m */; };
		87D9CF5A1BC15F6C00D8775A /* Main.storyboard in Resources */ = {isa = PBXBuildFile; fileRef = 87D9CF581BC15F6C00D8775A /* Main.storyboard */; };
		87D9CF5D1BC15F6C00D8775A /* AddressBookTest.xcdatamodeld in Sources */ = {isa = PBXBuildFile; fileRef = 87D9CF5B1BC15F6C00D8775A /* AddressBookTest.xcdatamodeld */; };
		87D9CF5F1BC15F6C00D8775A /* Assets.xcassets in Resources */ = {isa = PBXBuildFile; fileRef = 87D9CF5E1BC15F6C00D8775A /* Assets.xcassets */; };
		87D9CF621BC15F6C00D8775A /* LaunchScreen.storyboard in Resources */ = {isa = PBXBuildFile; fileRef = 87D9CF601BC15F6C00D8775A /* LaunchScreen.storyboard */; };
		87D9CF6D1BC15F6D00D8775A /* AddressBookTestTests.m in Sources */ = {isa = PBXBuildFile; fileRef = 87D9CF6C1BC15F6D00D8775A /* AddressBookTestTests.m */; };
		87D9CF781BC15F6D00D8775A /* AddressBookTestUITests.m in Sources */ = {isa = PBXBuildFile; fileRef = 87D9CF771BC15F6D00D8775A /* AddressBookTestUITests.m */; };
		87D9CF871BC15F9300D8775A /* AddressBook.framework in Frameworks */ = {isa = PBXBuildFile; fileRef = 87D9CF851BC15F9300D8775A /* AddressBook.framework */; };
		87D9CF881BC15F9300D8775A /* AddressBookUI.framework in Frameworks */ = {isa = PBXBuildFile; fileRef = 87D9CF861BC15F9300D8775A /* AddressBookUI.framework */; };
/* End PBXBuildFile section */

/* Begin PBXContainerItemProxy section */
		87D9CF691BC15F6C00D8775A /* PBXContainerItemProxy */ = {
			isa = PBXContainerItemProxy;
			containerPortal = 87D9CF441BC15F6C00D8775A /* Project object */;
			proxyType = 1;
			remoteGlobalIDString = 87D9CF4B1BC15F6C00D8775A;
			remoteInfo = AddressBookTest;
		};
		87D9CF741BC15F6D00D8775A /* PBXContainerItemProxy */ = {
			isa = PBXContainerItemProxy;
			containerPortal = 87D9CF441BC15F6C00D8775A /* Project object */;
			proxyType = 1;
			remoteGlobalIDString = 87D9CF4B1BC15F6C00D8775A;
			remoteInfo = AddressBookTest;
		};
/* End PBXContainerItemProxy section */

/* Begin PBXFileReference section */
		87D9CF4C1BC15F6C00D8775A /* AddressBookTest.app */ = {isa = PBXFileReference; explicitFileType = wrapper.application; includeInIndex = 0; path = AddressBookTest.app; sourceTree = BUILT_PRODUCTS_DIR; };
		87D9CF501BC15F6C00D8775A /* main.m */ = {isa = PBXFileReference; lastKnownFileType = sourcecode.c.objc; path = main.m; sourceTree = "<group>"; };
		87D9CF521BC15F6C00D8775A /* AppDelegate.h */ = {isa = PBXFileReference; lastKnownFileType = sourcecode.c.h; path = AppDelegate.h; sourceTree = "<group>"; };
		87D9CF531BC15F6C00D8775A /* AppDelegate.m */ = {isa = PBXFileReference; lastKnownFileType = sourcecode.c.objc; path = AppDelegate.m; sourceTree = "<group>"; };
		87D9CF551BC15F6C00D8775A /* ViewController.h */ = {isa = PBXFileReference; lastKnownFileType = sourcecode.c.h; path = ViewController.h; sourceTree = "<group>"; };
		87D9CF561BC15F6C00D8775A /* ViewController.m */ = {isa = PBXFileReference; lastKnownFileType = sourcecode.c.objc; path = ViewController.m; sourceTree = "<group>"; };
		87D9CF591BC15F6C00D8775A /* Base */ = {isa = PBXFileReference; lastKnownFileType = file.storyboard; name = Base; path = Base.lproj/Main.storyboard; sourceTree = "<group>"; };
		87D9CF5C1BC15F6C00D8775A /* AddressBookTest.xcdatamodel */ = {isa = PBXFileReference; lastKnownFileType = wrapper.xcdatamodel; path = AddressBookTest.xcdatamodel; sourceTree = "<group>"; };
		87D9CF5E1BC15F6C00D8775A /* Assets.xcassets */ = {isa = PBXFileReference; lastKnownFileType = folder.assetcatalog; path = Assets.xcassets; sourceTree = "<group>"; };
		87D9CF611BC15F6C00D8775A /* Base */ = {isa = PBXFileReference; lastKnownFileType = file.storyboard; name = Base; path = Base.lproj/LaunchScreen.storyboard; sourceTree = "<group>"; };
		87D9CF631BC15F6C00D8775A /* Info.plist */ = {isa = PBXFileReference; lastKnownFileType = text.plist.xml; path = Info.plist; sourceTree = "<group>"; };
		87D9CF681BC15F6C00D8775A /* AddressBookTestTests.xctest */ = {isa = PBXFileReference; explicitFileType = wrapper.cfbundle; includeInIndex = 0; path = AddressBookTestTests.xctest; sourceTree = BUILT_PRODUCTS_DIR; };
		87D9CF6C1BC15F6D00D8775A /* AddressBookTestTests.m */ = {isa = PBXFileReference; lastKnownFileType = sourcecode.c.objc; path = AddressBookTestTests.m; sourceTree = "<group>"; };
		87D9CF6E1BC15F6D00D8775A /* Info.plist */ = {isa = PBXFileReference; lastKnownFileType = text.plist.xml; path = Info.plist; sourceTree = "<group>"; };
		87D9CF731BC15F6D00D8775A /* AddressBookTestUITests.xctest */ = {isa = PBXFileReference; explicitFileType = wrapper.cfbundle; includeInIndex = 0; path = AddressBookTestUITests.xctest; sourceTree = BUILT_PRODUCTS_DIR; };
		87D9CF771BC15F6D00D8775A /* AddressBookTestUITests.m */ = {isa = PBXFileReference; lastKnownFileType = sourcecode.c.objc; path = AddressBookTestUITests.m; sourceTree = "<group>"; };
		87D9CF791BC15F6D00D8775A /* Info.plist */ = {isa = PBXFileReference; lastKnownFileType = text.plist.xml; path = Info.plist; sourceTree = "<group>"; };
		87D9CF851BC15F9300D8775A /* AddressBook.framework */ = {isa = PBXFileReference; lastKnownFileType = wrapper.framework; name = AddressBook.framework; path = System/Library/Frameworks/AddressBook.framework; sourceTree = SDKROOT; };
		87D9CF861BC15F9300D8775A /* AddressBookUI.framework */ = {isa = PBXFileReference; lastKnownFileType = wrapper.framework; name = AddressBookUI.framework; path = System/Library/Frameworks/AddressBookUI.framework; sourceTree = SDKROOT; };
/* End PBXFileReference section */

/* Begin PBXFrameworksBuildPhase section */
		87D9CF491BC15F6C00D8775A /* Frameworks */ = {
			isa = PBXFrameworksBuildPhase;
			buildActionMask = 2147483647;
			files = (
				87D9CF871BC15F9300D8775A /* AddressBook.framework in Frameworks */,
				87D9CF881BC15F9300D8775A /* AddressBookUI.framework in Frameworks */,
			);
			runOnlyForDeploymentPostprocessing = 0;
		};
		87D9CF651BC15F6C00D8775A /* Frameworks */ = {
			isa = PBXFrameworksBuildPhase;
			buildActionMask = 2147483647;
			files = (
			);
			runOnlyForDeploymentPostprocessing = 0;
		};
		87D9CF701BC15F6D00D8775A /* Frameworks */ = {
			isa = PBXFrameworksBuildPhase;
			buildActionMask = 2147483647;
			files = (
			);
			runOnlyForDeploymentPostprocessing = 0;
		};
/* End PBXFrameworksBuildPhase section */

/* Begin PBXGroup section */
		87D9CF431BC15F6C00D8775A = {
			isa = PBXGroup;
			children = (
				87D9CF851BC15F9300D8775A /* AddressBook.framework */,
				87D9CF861BC15F9300D8775A /* AddressBookUI.framework */,
				87D9CF4E1BC15F6C00D8775A /* AddressBookTest */,
				87D9CF6B1BC15F6C00D8775A /* AddressBookTestTests */,
				87D9CF761BC15F6D00D8775A /* AddressBookTestUITests */,
				87D9CF4D1BC15F6C00D8775A /* Products */,
			);
			sourceTree = "<group>";
		};
		87D9CF4D1BC15F6C00D8775A /* Products */ = {
			isa = PBXGroup;
			children = (
				87D9CF4C1BC15F6C00D8775A /* AddressBookTest.app */,
				87D9CF681BC15F6C00D8775A /* AddressBookTestTests.xctest */,
				87D9CF731BC15F6D00D8775A /* AddressBookTestUITests.xctest */,
			);
			name = Products;
			sourceTree = "<group>";
		};
		87D9CF4E1BC15F6C00D8775A /* AddressBookTest */ = {
			isa = PBXGroup;
			children = (
				87D9CF521BC15F6C00D8775A /* AppDelegate.h */,
				87D9CF531BC15F6C00D8775A /* AppDelegate.m */,
				87D9CF551BC15F6C00D8775A /* ViewController.h */,
				87D9CF561BC15F6C00D8775A /* ViewController.m */,
				87D9CF581BC15F6C00D8775A /* Main.storyboard */,
				87D9CF5E1BC15F6C00D8775A /* Assets.xcassets */,
				87D9CF601BC15F6C00D8775A /* LaunchScreen.storyboard */,
				87D9CF631BC15F6C00D8775A /* Info.plist */,
				87D9CF5B1BC15F6C00D8775A /* AddressBookTest.xcdatamodeld */,
				87D9CF4F1BC15F6C00D8775A /* Supporting Files */,
			);
			path = AddressBookTest;
			sourceTree = "<group>";
		};
		87D9CF4F1BC15F6C00D8775A /* Supporting Files */ = {
			isa = PBXGroup;
			children = (
				87D9CF501BC15F6C00D8775A /* main.m */,
			);
			name = "Supporting Files";
			sourceTree = "<group>";
		};
		87D9CF6B1BC15F6C00D8775A /* AddressBookTestTests */ = {
			isa = PBXGroup;
			children = (
				87D9CF6C1BC15F6D00D8775A /* AddressBookTestTests.m */,
				87D9CF6E1BC15F6D00D8775A /* Info.plist */,
			);
			path = AddressBookTestTests;
			sourceTree = "<group>";
		};
		87D9CF761BC15F6D00D8775A /* AddressBookTestUITests */ = {
			isa = PBXGroup;
			children = (
				87D9CF771BC15F6D00D8775A /* AddressBookTestUITests.m */,
				87D9CF791BC15F6D00D8775A /* Info.plist */,
			);
			path = AddressBookTestUITests;
			sourceTree = "<group>";
		};
/* End PBXGroup section */

/* Begin PBXNativeTarget section */
		87D9CF4B1BC15F6C00D8775A /* AddressBookTest */ = {
			isa = PBXNativeTarget;
			buildConfigurationList = 87D9CF7C1BC15F6D00D8775A /* Build configuration list for PBXNativeTarget "AddressBookTest" */;
			buildPhases = (
				87D9CF481BC15F6C00D8775A /* Sources */,
				87D9CF491BC15F6C00D8775A /* Frameworks */,
				87D9CF4A1BC15F6C00D8775A /* Resources */,
			);
			buildRules = (
			);
			dependencies = (
			);
			name = AddressBookTest;
			productName = AddressBookTest;
			productReference = 87D9CF4C1BC15F6C00D8775A /* AddressBookTest.app */;
			productType = "com.apple.product-type.application";
		};
		87D9CF671BC15F6C00D8775A /* AddressBookTestTests */ = {
			isa = PBXNativeTarget;
			buildConfigurationList = 87D9CF7F1BC15F6D00D8775A /* Build configuration list for PBXNativeTarget "AddressBookTestTests" */;
			buildPhases = (
				87D9CF641BC15F6C00D8775A /* Sources */,
				87D9CF651BC15F6C00D8775A /* Frameworks */,
				87D9CF661BC15F6C00D8775A /* Resources */,
			);
			buildRules = (
			);
			dependencies = (
				87D9CF6A1BC15F6C00D8775A /* PBXTargetDependency */,
			);
			name = AddressBookTestTests;
			productName = AddressBookTestTests;
			productReference = 87D9CF681BC15F6C00D8775A /* AddressBookTestTests.xctest */;
			productType = "com.apple.product-type.bundle.unit-test";
		};
		87D9CF721BC15F6D00D8775A /* AddressBookTestUITests */ = {
			isa = PBXNativeTarget;
			buildConfigurationList = 87D9CF821BC15F6D00D8775A /* Build configuration list for PBXNativeTarget "AddressBookTestUITests" */;
			buildPhases = (
				87D9CF6F1BC15F6D00D8775A /* Sources */,
				87D9CF701BC15F6D00D8775A /* Frameworks */,
				87D9CF711BC15F6D00D8775A /* Resources */,
			);
			buildRules = (
			);
			dependencies = (
				87D9CF751BC15F6D00D8775A /* PBXTargetDependency */,
			);
			name = AddressBookTestUITests;
			productName = AddressBookTestUITests;
			productReference = 87D9CF731BC15F6D00D8775A /* AddressBookTestUITests.xctest */;
			productType = "com.apple.product-type.bundle.ui-testing";
		};
/* End PBXNativeTarget section */

/* Begin PBXProject section */
		87D9CF441BC15F6C00D8775A /* Project object */ = {
			isa = PBXProject;
			attributes = {
				LastUpgradeCheck = 0700;
				ORGANIZATIONNAME = "Takaaki Tanaka";
				TargetAttributes = {
					87D9CF4B1BC15F6C00D8775A = {
						CreatedOnToolsVersion = 7.0;
					};
					87D9CF671BC15F6C00D8775A = {
						CreatedOnToolsVersion = 7.0;
						TestTargetID = 87D9CF4B1BC15F6C00D8775A;
					};
					87D9CF721BC15F6D00D8775A = {
						CreatedOnToolsVersion = 7.0;
						TestTargetID = 87D9CF4B1BC15F6C00D8775A;
					};
				};
			};
			buildConfigurationList = 87D9CF471BC15F6C00D8775A /* Build configuration list for PBXProject "AddressBookTest" */;
			compatibilityVersion = "Xcode 3.2";
			developmentRegion = English;
			hasScannedForEncodings = 0;
			knownRegions = (
				en,
				Base,
			);
			mainGroup = 87D9CF431BC15F6C00D8775A;
			productRefGroup = 87D9CF4D1BC15F6C00D8775A /* Products */;
			projectDirPath = "";
			projectRoot = "";
			targets = (
				87D9CF4B1BC15F6C00D8775A /* AddressBookTest */,
				87D9CF671BC15F6C00D8775A /* AddressBookTestTests */,
				87D9CF721BC15F6D00D8775A /* AddressBookTestUITests */,
			);
		};
/* End PBXProject section */

/* Begin PBXResourcesBuildPhase section */
		87D9CF4A1BC15F6C00D8775A /* Resources */ = {
			isa = PBXResourcesBuildPhase;
			buildActionMask = 2147483647;
			files = (
				87D9CF621BC15F6C00D8775A /* LaunchScreen.storyboard in Resources */,
				87D9CF5F1BC15F6C00D8775A /* Assets.xcassets in Resources */,
				87D9CF5A1BC15F6C00D8775A /* Main.storyboard in Resources */,
			);
			runOnlyForDeploymentPostprocessing = 0;
		};
		87D9CF661BC15F6C00D8775A /* Resources */ = {
			isa = PBXResourcesBuildPhase;
			buildActionMask = 2147483647;
			files = (
			);
			runOnlyForDeploymentPostprocessing = 0;
		};
		87D9CF711BC15F6D00D8775A /* Resources */ = {
			isa = PBXResourcesBuildPhase;
			buildActionMask = 2147483647;
			files = (
			);
			runOnlyForDeploymentPostprocessing = 0;
		};
/* End PBXResourcesBuildPhase section */

/* Begin PBXSourcesBuildPhase section */
		87D9CF481BC15F6C00D8775A /* Sources */ = {
			isa = PBXSourcesBuildPhase;
			buildActionMask = 2147483647;
			files = (
				87D9CF571BC15F6C00D8775A /* ViewController.m in Sources */,
				87D9CF5D1BC15F6C00D8775A /* AddressBookTest.xcdatamodeld in Sources */,
				87D9CF541BC15F6C00D8775A /* AppDelegate.m in Sources */,
				87D9CF511BC15F6C00D8775A /* main.m in Sources */,
			);
			runOnlyForDeploymentPostprocessing = 0;
		};
		87D9CF641BC15F6C00D8775A /* Sources */ = {
			isa = PBXSourcesBuildPhase;
			buildActionMask = 2147483647;
			files = (
				87D9CF6D1BC15F6D00D8775A /* AddressBookTestTests.m in Sources */,
			);
			runOnlyForDeploymentPostprocessing = 0;
		};
		87D9CF6F1BC15F6D00D8775A /* Sources */ = {
			isa = PBXSourcesBuildPhase;
			buildActionMask = 2147483647;
			files = (
				87D9CF781BC15F6D00D8775A /* AddressBookTestUITests.m in Sources */,
			);
			runOnlyForDeploymentPostprocessing = 0;
		};
/* End PBXSourcesBuildPhase section */

/* Begin PBXTargetDependency section */
		87D9CF6A1BC15F6C00D8775A /* PBXTargetDependency */ = {
			isa = PBXTargetDependency;
			target = 87D9CF4B1BC15F6C00D8775A /* AddressBookTest */;
			targetProxy = 87D9CF691BC15F6C00D8775A /* PBXContainerItemProxy */;
		};
		87D9CF751BC15F6D00D8775A /* PBXTargetDependency */ = {
			isa = PBXTargetDependency;
			target = 87D9CF4B1BC15F6C00D8775A /* AddressBookTest */;
			targetProxy = 87D9CF741BC15F6D00D8775A /* PBXContainerItemProxy */;
		};
/* End PBXTargetDependency section */

/* Begin PBXVariantGroup section */
		87D9CF581BC15F6C00D8775A /* Main.storyboard */ = {
			isa = PBXVariantGroup;
			children = (
				87D9CF591BC15F6C00D8775A /* Base */,
			);
			name = Main.storyboard;
			sourceTree = "<group>";
		};
		87D9CF601BC15F6C00D8775A /* LaunchScreen.storyboard */ = {
			isa = PBXVariantGroup;
			children = (
				87D9CF611BC15F6C00D8775A /* Base */,
			);
			name = LaunchScreen.storyboard;
			sourceTree = "<group>";
		};
/* End PBXVariantGroup section */

/* Begin XCBuildConfiguration section */
		87D9CF7A1BC15F6D00D8775A /* Debug */ = {
			isa = XCBuildConfiguration;
			buildSettings = {
				ALWAYS_SEARCH_USER_PATHS = NO;
				CLANG_CXX_LANGUAGE_STANDARD = "gnu++0x";
				CLANG_CXX_LIBRARY = "libc++";
				CLANG_ENABLE_MODULES = YES;
				CLANG_ENABLE_OBJC_ARC = YES;
				CLANG_WARN_BOOL_CONVERSION = YES;
				CLANG_WARN_CONSTANT_CONVERSION = YES;
				CLANG_WARN_DIRECT_OBJC_ISA_USAGE = YES_ERROR;
				CLANG_WARN_EMPTY_BODY = YES;
				CLANG_WARN_ENUM_CONVERSION = YES;
				CLANG_WARN_INT_CONVERSION = YES;
				CLANG_WARN_OBJC_ROOT_CLASS = YES_ERROR;
				CLANG_WARN_UNREACHABLE_CODE = YES;
				CLANG_WARN__DUPLICATE_METHOD_MATCH = YES;
				"CODE_SIGN_IDENTITY[sdk=iphoneos*]" = "iPhone Developer";
				COPY_PHASE_STRIP = NO;
				DEBUG_INFORMATION_FORMAT = dwarf;
				ENABLE_STRICT_OBJC_MSGSEND = YES;
				ENABLE_TESTABILITY = YES;
				GCC_C_LANGUAGE_STANDARD = gnu99;
				GCC_DYNAMIC_NO_PIC = NO;
				GCC_NO_COMMON_BLOCKS = YES;
				GCC_OPTIMIZATION_LEVEL = 0;
				GCC_PREPROCESSOR_DEFINITIONS = (
					"DEBUG=1",
					"$(inherited)",
				);
				GCC_WARN_64_TO_32_BIT_CONVERSION = YES;
				GCC_WARN_ABOUT_RETURN_TYPE = YES_ERROR;
				GCC_WARN_UNDECLARED_SELECTOR = YES;
				GCC_WARN_UNINITIALIZED_AUTOS = YES_AGGRESSIVE;
				GCC_WARN_UNUSED_FUNCTION = YES;
				GCC_WARN_UNUSED_VARIABLE = YES;
				IPHONEOS_DEPLOYMENT_TARGET = 9.0;
				MTL_ENABLE_DEBUG_INFO = YES;
				ONLY_ACTIVE_ARCH = YES;
				SDKROOT = iphoneos;
				TARGETED_DEVICE_FAMILY = "1,2";
			};
			name = Debug;
		};
		87D9CF7B1BC15F6D00D8775A /* Release */ = {
			isa = XCBuildConfiguration;
			buildSettings = {
				ALWAYS_SEARCH_USER_PATHS = NO;
				CLANG_CXX_LANGUAGE_STANDARD = "gnu++0x";
				CLANG_CXX_LIBRARY = "libc++";
				CLANG_ENABLE_MODULES = YES;
				CLANG_ENABLE_OBJC_ARC = YES;
				CLANG_WARN_BOOL_CONVERSION = YES;
				CLANG_WARN_CONSTANT_CONVERSION = YES;
				CLANG_WARN_DIRECT_OBJC_ISA_USAGE = YES_ERROR;
				CLANG_WARN_EMPTY_BODY = YES;
				CLANG_WARN_ENUM_CONVERSION = YES;
				CLANG_WARN_INT_CONVERSION = YES;
				CLANG_WARN_OBJC_ROOT_CLASS = YES_ERROR;
				CLANG_WARN_UNREACHABLE_CODE = YES;
				CLANG_WARN__DUPLICATE_METHOD_MATCH = YES;
				"CODE_SIGN_IDENTITY[sdk=iphoneos*]" = "iPhone Developer";
				COPY_PHASE_STRIP = NO;
				DEBUG_INFORMATION_FORMAT = "dwarf-with-dsym";
				ENABLE_NS_ASSERTIONS = NO;
				ENABLE_STRICT_OBJC_MSGSEND = YES;
				GCC_C_LANGUAGE_STANDARD = gnu99;
				GCC_NO_COMMON_BLOCKS = YES;
				GCC_WARN_64_TO_32_BIT_CONVERSION = YES;
				GCC_WARN_ABOUT_RETURN_TYPE = YES_ERROR;
				GCC_WARN_UNDECLARED_SELECTOR = YES;
				GCC_WARN_UNINITIALIZED_AUTOS = YES_AGGRESSIVE;
				GCC_WARN_UNUSED_FUNCTION = YES;
				GCC_WARN_UNUSED_VARIABLE = YES;
				IPHONEOS_DEPLOYMENT_TARGET = 9.0;
				MTL_ENABLE_DEBUG_INFO = NO;
				SDKROOT = iphoneos;
				TARGETED_DEVICE_FAMILY = "1,2";
				VALIDATE_PRODUCT = YES;
			};
			name = Release;
		};
		87D9CF7D1BC15F6D00D8775A /* Debug */ = {
			isa = XCBuildConfiguration;
			buildSettings = {
				ASSETCATALOG_COMPILER_APPICON_NAME = AppIcon;
				INFOPLIST_FILE = AddressBookTest/Info.plist;
				IPHONEOS_DEPLOYMENT_TARGET = 8.0;
				LD_RUNPATH_SEARCH_PATHS = "$(inherited) @executable_path/Frameworks";
				PRODUCT_BUNDLE_IDENTIFIER = com.kongmings.AddressBookTest;
				PRODUCT_NAME = "$(TARGET_NAME)";
			};
			name = Debug;
		};
		87D9CF7E1BC15F6D00D8775A /* Release */ = {
			isa = XCBuildConfiguration;
			buildSettings = {
				ASSETCATALOG_COMPILER_APPICON_NAME = AppIcon;
				INFOPLIST_FILE = AddressBookTest/Info.plist;
				IPHONEOS_DEPLOYMENT_TARGET = 8.0;
				LD_RUNPATH_SEARCH_PATHS = "$(inherited) @executable_path/Frameworks";
				PRODUCT_BUNDLE_IDENTIFIER = com.kongmings.AddressBookTest;
				PRODUCT_NAME = "$(TARGET_NAME)";
			};
			name = Release;
		};
		87D9CF801BC15F6D00D8775A /* Debug */ = {
			isa = XCBuildConfiguration;
			buildSettings = {
				BUNDLE_LOADER = "$(TEST_HOST)";
				INFOPLIST_FILE = AddressBookTestTests/Info.plist;
				LD_RUNPATH_SEARCH_PATHS = "$(inherited) @executable_path/Frameworks @loader_path/Frameworks";
				PRODUCT_BUNDLE_IDENTIFIER = com.kongmings.AddressBookTestTests;
				PRODUCT_NAME = "$(TARGET_NAME)";
				TEST_HOST = "$(BUILT_PRODUCTS_DIR)/AddressBookTest.app/AddressBookTest";
			};
			name = Debug;
		};
		87D9CF811BC15F6D00D8775A /* Release */ = {
			isa = XCBuildConfiguration;
			buildSettings = {
				BUNDLE_LOADER = "$(TEST_HOST)";
				INFOPLIST_FILE = AddressBookTestTests/Info.plist;
				LD_RUNPATH_SEARCH_PATHS = "$(inherited) @executable_path/Frameworks @loader_path/Frameworks";
				PRODUCT_BUNDLE_IDENTIFIER = com.kongmings.AddressBookTestTests;
				PRODUCT_NAME = "$(TARGET_NAME)";
				TEST_HOST = "$(BUILT_PRODUCTS_DIR)/AddressBookTest.app/AddressBookTest";
			};
			name = Release;
		};
		87D9CF831BC15F6D00D8775A /* Debug */ = {
			isa = XCBuildConfiguration;
			buildSettings = {
				INFOPLIST_FILE = AddressBookTestUITests/Info.plist;
				LD_RUNPATH_SEARCH_PATHS = "$(inherited) @executable_path/Frameworks @loader_path/Frameworks";
				PRODUCT_BUNDLE_IDENTIFIER = com.kongmings.AddressBookTestUITests;
				PRODUCT_NAME = "$(TARGET_NAME)";
				TEST_TARGET_NAME = AddressBookTest;
				USES_XCTRUNNER = YES;
			};
			name = Debug;
		};
		87D9CF841BC15F6D00D8775A /* Release */ = {
			isa = XCBuildConfiguration;
			buildSettings = {
				INFOPLIST_FILE = AddressBookTestUITests/Info.plist;
				LD_RUNPATH_SEARCH_PATHS = "$(inherited) @executable_path/Frameworks @loader_path/Frameworks";
				PRODUCT_BUNDLE_IDENTIFIER = com.kongmings.AddressBookTestUITests;
				PRODUCT_NAME = "$(TARGET_NAME)";
				TEST_TARGET_NAME = AddressBookTest;
				USES_XCTRUNNER = YES;
			};
			name = Release;
		};
/* End XCBuildConfiguration section */

/* Begin XCConfigurationList section */
		87D9CF471BC15F6C00D8775A /* Build configuration list for PBXProject "AddressBookTest" */ = {
			isa = XCConfigurationList;
			buildConfigurations = (
				87D9CF7A1BC15F6D00D8775A /* Debug */,
				87D9CF7B1BC15F6D00D8775A /* Release */,
			);
			defaultConfigurationIsVisible = 0;
			defaultConfigurationName = Release;
		};
		87D9CF7C1BC15F6D00D8775A /* Build configuration list for PBXNativeTarget "AddressBookTest" */ = {
			isa = XCConfigurationList;
			buildConfigurations = (
				87D9CF7D1BC15F6D00D8775A /* Debug */,
				87D9CF7E1BC15F6D00D8775A /* Release */,
			);
			defaultConfigurationIsVisible = 0;
		};
		87D9CF7F1BC15F6D00D8775A /* Build configuration list for PBXNativeTarget "AddressBookTestTests" */ = {
			isa = XCConfigurationList;
			buildConfigurations = (
				87D9CF801BC15F6D00D8775A /* Debug */,
				87D9CF811BC15F6D00D8775A /* Release */,
			);
			defaultConfigurationIsVisible = 0;
		};
		87D9CF821BC15F6D00D8775A /* Build configuration list for PBXNativeTarget "AddressBookTestUITests" */ = {
			isa = XCConfigurationList;
			buildConfigurations = (
				87D9CF831BC15F6D00D8775A /* Debug */,
				87D9CF841BC15F6D00D8775A /* Release */,
			);
			defaultConfigurationIsVisible = 0;
		};
/* End XCConfigurationList section */

/* Begin XCVersionGroup section */
		87D9CF5B1BC15F6C00D8775A /* AddressBookTest.xcdatamodeld */ = {
			isa = XCVersionGroup;
			children = (
				87D9CF5C1BC15F6C00D8775A /* AddressBookTest.xcdatamodel */,
			);
			currentVersion = 87D9CF5C1BC15F6C00D8775A /* AddressBookTest.xcdatamodel */;
			path = AddressBookTest.xcdatamodeld;
			sourceTree = "<group>";
			versionGroupType = wrapper.xcdatamodel;
		};
/* End XCVersionGroup section */
	};
	rootObject = 87D9CF441BC15F6C00D8775A /* Project object */;
}
